schema: '2.0'
stages:
  build_dataset:
    cmd: python -m rte_mlops_demo.build_dataset rte_mlops_demo/parser_config.yaml
    deps:
    - path: rte_mlops_demo/build_dataset.py
      md5: be77791b53cda0d143197e8af1973645
      size: 2376
    - path: rte_mlops_demo/scraper.py
      md5: 475b9fa8effbd40c5f5afdb919cca715
      size: 4191
    params:
      params.yaml:
        build_dataset.end_date: '2021-12-31'
        build_dataset.start_date: '2019-01-01'
    outs:
    - path: data/raw_dataset.csv
      md5: 8cbb146e9f1226b0c52f4699aa82352b
      size: 16688
  train:
    cmd: python -m rte_mlops_demo.train
    deps:
    - path: data
      md5: 7b75c5b31a368c88198eb477ddecb8c9.dir
      size: 29925249
      nfiles: 2
    - path: rte_mlops_demo/
      md5: 78c5aba3953a4336e6d3a8d01c173971.dir
      size: 18205
      nfiles: 11
    params:
      params.yaml:
        build_dataset:
          start_date: '2019-01-01'
          end_date: '2021-12-31'
    outs:
    - path: metrics.json
      md5: fc44a823808d044129e58db1bbcc595e
      size: 28
    - path: models
      md5: b2f3fd97667ffe035495d81fe46a781a.dir
      size: 83620
      nfiles: 1
